
Microsoft Visual Studio Solution File, Format Version 12.00
# Visual Studio Version 17
VisualStudioVersion = 17.5.33424.131
MinimumVisualStudioVersion = 10.0.40219.1
Project("{FAE04EC0-301F-11D3-BF4B-00C04F79EFBC}") = "VP_Proekt", "VP_Proekt\VP_Proekt.csproj", "{C40FF223-C36D-4080-B2EE-A920ADB916BD}"
EndProject
Global
	GlobalSection(SolutionConfigurationPlatforms) = preSolution
		Debug|Any CPU = Debug|Any CPU
		Release|Any CPU = Release|Any CPU
	EndGlobalSection
	GlobalSection(ProjectConfigurationPlatforms) = postSolution
		{C40FF223-C36D-4080-B2EE-A920ADB916BD}.Debug|Any CPU.ActiveCfg = Debug|Any CPU
		{C40FF223-C36D-4080-B2EE-A920ADB916BD}.Debug|Any CPU.Build.0 = Debug|Any CPU
		{C40FF223-C36D-4080-B2EE-A920ADB916BD}.Release|Any CPU.ActiveCfg = Release|Any CPU
		{C40FF223-C36D-4080-B2EE-A920ADB916BD}.Release|Any CPU.Build.0 = Release|Any CPU
	EndGlobalSection
	GlobalSection(SolutionProperties) = preSolution
		HideSolutionNode = FALSE
	EndGlobalSection
	GlobalSection(ExtensibilityGlobals) = postSolution
		SolutionGuid = {ABD171A7-89BD-4878-8967-BC21A8EFD62B}
	EndGlobalSection
EndGlobal
